// !$*UTF8*$!
{
	archiveVersion = 1;
	classes = {
	};
	objectVersion = 56;
	objects = {

/* Begin PBXBuildFile section */
		A24656992B2A66EA0091BA52 /* AudioListView.swift in Sources */ = {isa = PBXBuildFile; fileRef = A24656982B2A66EA0091BA52 /* AudioListView.swift */; };
		A246569B2B2A66F80091BA52 /* VideoListView.swift in Sources */ = {isa = PBXBuildFile; fileRef = A246569A2B2A66F80091BA52 /* VideoListView.swift */; };
		A246569D2B2A67040091BA52 /* PhotoListView.swift in Sources */ = {isa = PBXBuildFile; fileRef = A246569C2B2A67040091BA52 /* PhotoListView.swift */; };
		A24656A02B2A67380091BA52 /* NetworkManager.swift in Sources */ = {isa = PBXBuildFile; fileRef = A246569F2B2A67380091BA52 /* NetworkManager.swift */; };
		A24656A22B2A67470091BA52 /* APIManager.swift in Sources */ = {isa = PBXBuildFile; fileRef = A24656A12B2A67470091BA52 /* APIManager.swift */; };
		A24656A42B2A67560091BA52 /* CacheManager.swift in Sources */ = {isa = PBXBuildFile; fileRef = A24656A32B2A67560091BA52 /* CacheManager.swift */; };
		A24656A82B2A67A00091BA52 /* TabBarView.swift in Sources */ = {isa = PBXBuildFile; fileRef = A24656A72B2A67A00091BA52 /* TabBarView.swift */; };
		A24656AC2B2A67E10091BA52 /* Component.swift in Sources */ = {isa = PBXBuildFile; fileRef = A24656AB2B2A67E10091BA52 /* Component.swift */; };
		A24656AE2B2A69250091BA52 /* Constant.swift in Sources */ = {isa = PBXBuildFile; fileRef = A24656AD2B2A69250091BA52 /* Constant.swift */; };
		A24656B22B2A697C0091BA52 /* FileManager.swift in Sources */ = {isa = PBXBuildFile; fileRef = A24656B12B2A697C0091BA52 /* FileManager.swift */; };
		A24656B42B2A698C0091BA52 /* Validation.swift in Sources */ = {isa = PBXBuildFile; fileRef = A24656B32B2A698C0091BA52 /* Validation.swift */; };
		A2DE61B72B2FB1E8009DFE09 /* AudioManager.swift in Sources */ = {isa = PBXBuildFile; fileRef = A2DE61B62B2FB1E8009DFE09 /* AudioManager.swift */; };
		A2DE61B92B2FBC36009DFE09 /* VideoManager.swift in Sources */ = {isa = PBXBuildFile; fileRef = A2DE61B82B2FBC36009DFE09 /* VideoManager.swift */; };
		A2DE61BB2B2FF08C009DFE09 /* PhotoViewIntent.swift in Sources */ = {isa = PBXBuildFile; fileRef = A2DE61BA2B2FF08C009DFE09 /* PhotoViewIntent.swift */; };
		A2DE61BD2B306539009DFE09 /* VideoViewIntent.swift in Sources */ = {isa = PBXBuildFile; fileRef = A2DE61BC2B306538009DFE09 /* VideoViewIntent.swift */; };
		A2EDC5112B2A743A00E57B5D /* AudioDetailView.swift in Sources */ = {isa = PBXBuildFile; fileRef = A2EDC5102B2A743A00E57B5D /* AudioDetailView.swift */; };
		A2EDC5132B2A744A00E57B5D /* VideoDetailView.swift in Sources */ = {isa = PBXBuildFile; fileRef = A2EDC5122B2A744A00E57B5D /* VideoDetailView.swift */; };
		A2EDC5152B2A746500E57B5D /* PhotoDetailView.swift in Sources */ = {isa = PBXBuildFile; fileRef = A2EDC5142B2A746500E57B5D /* PhotoDetailView.swift */; };
		A2EDC5192B2A778000E57B5D /* VideoRecordView.swift in Sources */ = {isa = PBXBuildFile; fileRef = A2EDC5182B2A778000E57B5D /* VideoRecordView.swift */; };
		A2EDC51B2B2A780900E57B5D /* PhotoCameraView.swift in Sources */ = {isa = PBXBuildFile; fileRef = A2EDC51A2B2A780900E57B5D /* PhotoCameraView.swift */; };
		A2EDC51F2B2A799E00E57B5D /* AudioRecordIntent.swift in Sources */ = {isa = PBXBuildFile; fileRef = A2EDC51E2B2A799E00E57B5D /* AudioRecordIntent.swift */; };
		A2F6BC102B2A647A00DD4FD4 /* iConvertorApp.swift in Sources */ = {isa = PBXBuildFile; fileRef = A2F6BC0F2B2A647A00DD4FD4 /* iConvertorApp.swift */; };
		A2F6BC142B2A647C00DD4FD4 /* Assets.xcassets in Resources */ = {isa = PBXBuildFile; fileRef = A2F6BC132B2A647C00DD4FD4 /* Assets.xcassets */; };
		A2F6BC172B2A647C00DD4FD4 /* Preview Assets.xcassets in Resources */ = {isa = PBXBuildFile; fileRef = A2F6BC162B2A647C00DD4FD4 /* Preview Assets.xcassets */; };
/* End PBXBuildFile section */

/* Begin PBXFileReference section */
		A24656922B2A65940091BA52 /* Info.plist */ = {isa = PBXFileReference; lastKnownFileType = text.plist.xml; path = Info.plist; sourceTree = "<group>"; };
		A24656982B2A66EA0091BA52 /* AudioListView.swift */ = {isa = PBXFileReference; lastKnownFileType = sourcecode.swift; path = AudioListView.swift; sourceTree = "<group>"; };
		A246569A2B2A66F80091BA52 /* VideoListView.swift */ = {isa = PBXFileReference; lastKnownFileType = sourcecode.swift; path = VideoListView.swift; sourceTree = "<group>"; };
		A246569C2B2A67040091BA52 /* PhotoListView.swift */ = {isa = PBXFileReference; lastKnownFileType = sourcecode.swift; path = PhotoListView.swift; sourceTree = "<group>"; };
		A246569F2B2A67380091BA52 /* NetworkManager.swift */ = {isa = PBXFileReference; lastKnownFileType = sourcecode.swift; path = NetworkManager.swift; sourceTree = "<group>"; };
		A24656A12B2A67470091BA52 /* APIManager.swift */ = {isa = PBXFileReference; lastKnownFileType = sourcecode.swift; path = APIManager.swift; sourceTree = "<group>"; };
		A24656A32B2A67560091BA52 /* CacheManager.swift */ = {isa = PBXFileReference; lastKnownFileType = sourcecode.swift; path = CacheManager.swift; sourceTree = "<group>"; };
		A24656A72B2A67A00091BA52 /* TabBarView.swift */ = {isa = PBXFileReference; lastKnownFileType = sourcecode.swift; path = TabBarView.swift; sourceTree = "<group>"; };
		A24656AB2B2A67E10091BA52 /* Component.swift */ = {isa = PBXFileReference; lastKnownFileType = sourcecode.swift; path = Component.swift; sourceTree = "<group>"; };
		A24656AD2B2A69250091BA52 /* Constant.swift */ = {isa = PBXFileReference; lastKnownFileType = sourcecode.swift; path = Constant.swift; sourceTree = "<group>"; };
		A24656B12B2A697C0091BA52 /* FileManager.swift */ = {isa = PBXFileReference; lastKnownFileType = sourcecode.swift; path = FileManager.swift; sourceTree = "<group>"; };
		A24656B32B2A698C0091BA52 /* Validation.swift */ = {isa = PBXFileReference; lastKnownFileType = sourcecode.swift; path = Validation.swift; sourceTree = "<group>"; };
		A2DE61B62B2FB1E8009DFE09 /* AudioManager.swift */ = {isa = PBXFileReference; lastKnownFileType = sourcecode.swift; path = AudioManager.swift; sourceTree = "<group>"; };
		A2DE61B82B2FBC36009DFE09 /* VideoManager.swift */ = {isa = PBXFileReference; lastKnownFileType = sourcecode.swift; path = VideoManager.swift; sourceTree = "<group>"; };
		A2DE61BA2B2FF08C009DFE09 /* PhotoViewIntent.swift */ = {isa = PBXFileReference; lastKnownFileType = sourcecode.swift; path = PhotoViewIntent.swift; sourceTree = "<group>"; };
		A2DE61BC2B306538009DFE09 /* VideoViewIntent.swift */ = {isa = PBXFileReference; lastKnownFileType = sourcecode.swift; path = VideoViewIntent.swift; sourceTree = "<group>"; };
		A2EDC5102B2A743A00E57B5D /* AudioDetailView.swift */ = {isa = PBXFileReference; lastKnownFileType = sourcecode.swift; path = AudioDetailView.swift; sourceTree = "<group>"; };
		A2EDC5122B2A744A00E57B5D /* VideoDetailView.swift */ = {isa = PBXFileReference; lastKnownFileType = sourcecode.swift; path = VideoDetailView.swift; sourceTree = "<group>"; };
		A2EDC5142B2A746500E57B5D /* PhotoDetailView.swift */ = {isa = PBXFileReference; lastKnownFileType = sourcecode.swift; path = PhotoDetailView.swift; sourceTree = "<group>"; };
		A2EDC5182B2A778000E57B5D /* VideoRecordView.swift */ = {isa = PBXFileReference; lastKnownFileType = sourcecode.swift; path = VideoRecordView.swift; sourceTree = "<group>"; };
		A2EDC51A2B2A780900E57B5D /* PhotoCameraView.swift */ = {isa = PBXFileReference; lastKnownFileType = sourcecode.swift; path = PhotoCameraView.swift; sourceTree = "<group>"; };
		A2EDC51E2B2A799E00E57B5D /* AudioRecordIntent.swift */ = {isa = PBXFileReference; lastKnownFileType = sourcecode.swift; path = AudioRecordIntent.swift; sourceTree = "<group>"; };
		A2F6BC0C2B2A647A00DD4FD4 /* iConvertor.app */ = {isa = PBXFileReference; explicitFileType = wrapper.application; includeInIndex = 0; path = iConvertor.app; sourceTree = BUILT_PRODUCTS_DIR; };
		A2F6BC0F2B2A647A00DD4FD4 /* iConvertorApp.swift */ = {isa = PBXFileReference; lastKnownFileType = sourcecode.swift; path = iConvertorApp.swift; sourceTree = "<group>"; };
		A2F6BC132B2A647C00DD4FD4 /* Assets.xcassets */ = {isa = PBXFileReference; lastKnownFileType = folder.assetcatalog; path = Assets.xcassets; sourceTree = "<group>"; };
		A2F6BC162B2A647C00DD4FD4 /* Preview Assets.xcassets */ = {isa = PBXFileReference; lastKnownFileType = folder.assetcatalog; path = "Preview Assets.xcassets"; sourceTree = "<group>"; };
/* End PBXFileReference section */

/* Begin PBXFrameworksBuildPhase section */
		A2F6BC092B2A647A00DD4FD4 /* Frameworks */ = {
			isa = PBXFrameworksBuildPhase;
			buildActionMask = 2147483647;
			files = (
			);
			runOnlyForDeploymentPostprocessing = 0;
		};
/* End PBXFrameworksBuildPhase section */

/* Begin PBXGroup section */
		A24656932B2A65E10091BA52 /* Model */ = {
			isa = PBXGroup;
			children = (
			);
			path = Model;
			sourceTree = "<group>";
		};
		A24656942B2A65EE0091BA52 /* View */ = {
			isa = PBXGroup;
			children = (
				A24F99882B31E77800125F58 /* Audio */,
				A24F99892B31E78500125F58 /* Video */,
				A24F998A2B31E79A00125F58 /* Photo */,
			);
			path = View;
			sourceTree = "<group>";
		};
		A24656952B2A65F30091BA52 /* Intent */ = {
			isa = PBXGroup;
			children = (
				A2EDC51E2B2A799E00E57B5D /* AudioRecordIntent.swift */,
				A2DE61BC2B306538009DFE09 /* VideoViewIntent.swift */,
				A2DE61BA2B2FF08C009DFE09 /* PhotoViewIntent.swift */,
			);
			path = Intent;
			sourceTree = "<group>";
		};
		A246569E2B2A67290091BA52 /* Service */ = {
			isa = PBXGroup;
			children = (
				A246569F2B2A67380091BA52 /* NetworkManager.swift */,
				A24656A12B2A67470091BA52 /* APIManager.swift */,
				A24656A32B2A67560091BA52 /* CacheManager.swift */,
			);
			path = Service;
			sourceTree = "<group>";
		};
		A24656A52B2A67700091BA52 /* Utility */ = {
			isa = PBXGroup;
			children = (
				A24656B12B2A697C0091BA52 /* FileManager.swift */,
				A2DE61B62B2FB1E8009DFE09 /* AudioManager.swift */,
				A2DE61B82B2FBC36009DFE09 /* VideoManager.swift */,
				A24656AD2B2A69250091BA52 /* Constant.swift */,
				A24656B32B2A698C0091BA52 /* Validation.swift */,
			);
			path = Utility;
			sourceTree = "<group>";
		};
		A24656A62B2A677A0091BA52 /* TabBar */ = {
			isa = PBXGroup;
			children = (
				A24656A72B2A67A00091BA52 /* TabBarView.swift */,
			);
			path = TabBar;
			sourceTree = "<group>";
		};
		A24656A92B2A67AC0091BA52 /* Resources */ = {
			isa = PBXGroup;
			children = (
				A2F6BC0F2B2A647A00DD4FD4 /* iConvertorApp.swift */,
				A2F6BC132B2A647C00DD4FD4 /* Assets.xcassets */,
			);
			path = Resources;
			sourceTree = "<group>";
		};
		A24656AA2B2A67BB0091BA52 /* Component */ = {
			isa = PBXGroup;
			children = (
				A24656AB2B2A67E10091BA52 /* Component.swift */,
			);
			path = Component;
			sourceTree = "<group>";
		};
		A24F99882B31E77800125F58 /* Audio */ = {
			isa = PBXGroup;
			children = (
				A2EDC5102B2A743A00E57B5D /* AudioDetailView.swift */,
				A24656982B2A66EA0091BA52 /* AudioListView.swift */,
			);
			path = Audio;
			sourceTree = "<group>";
		};
		A24F99892B31E78500125F58 /* Video */ = {
			isa = PBXGroup;
			children = (
				A246569A2B2A66F80091BA52 /* VideoListView.swift */,
				A2EDC5122B2A744A00E57B5D /* VideoDetailView.swift */,
				A2EDC5182B2A778000E57B5D /* VideoRecordView.swift */,
			);
			path = Video;
			sourceTree = "<group>";
		};
		A24F998A2B31E79A00125F58 /* Photo */ = {
			isa = PBXGroup;
			children = (
				A2EDC5142B2A746500E57B5D /* PhotoDetailView.swift */,
				A246569C2B2A67040091BA52 /* PhotoListView.swift */,
				A2EDC51A2B2A780900E57B5D /* PhotoCameraView.swift */,
			);
			path = Photo;
			sourceTree = "<group>";
		};
		A2F6BC032B2A647A00DD4FD4 = {
			isa = PBXGroup;
			children = (
				A2F6BC0E2B2A647A00DD4FD4 /* iConvertor */,
				A2F6BC0D2B2A647A00DD4FD4 /* Products */,
			);
			sourceTree = "<group>";
		};
		A2F6BC0D2B2A647A00DD4FD4 /* Products */ = {
			isa = PBXGroup;
			children = (
				A2F6BC0C2B2A647A00DD4FD4 /* iConvertor.app */,
			);
			name = Products;
			sourceTree = "<group>";
		};
		A2F6BC0E2B2A647A00DD4FD4 /* iConvertor */ = {
			isa = PBXGroup;
			children = (
				A24656932B2A65E10091BA52 /* Model */,
				A24656942B2A65EE0091BA52 /* View */,
				A24656952B2A65F30091BA52 /* Intent */,
				A24656A52B2A67700091BA52 /* Utility */,
				A246569E2B2A67290091BA52 /* Service */,
				A24656AA2B2A67BB0091BA52 /* Component */,
				A24656A62B2A677A0091BA52 /* TabBar */,
				A24656A92B2A67AC0091BA52 /* Resources */,
				A24656922B2A65940091BA52 /* Info.plist */,
				A2F6BC152B2A647C00DD4FD4 /* Preview Content */,
			);
			path = iConvertor;
			sourceTree = "<group>";
		};
		A2F6BC152B2A647C00DD4FD4 /* Preview Content */ = {
			isa = PBXGroup;
			children = (
				A2F6BC162B2A647C00DD4FD4 /* Preview Assets.xcassets */,
			);
			path = "Preview Content";
			sourceTree = "<group>";
		};
/* End PBXGroup section */

/* Begin PBXNativeTarget section */
		A2F6BC0B2B2A647A00DD4FD4 /* iConvertor */ = {
			isa = PBXNativeTarget;
			buildConfigurationList = A2F6BC1F2B2A647C00DD4FD4 /* Build configuration list for PBXNativeTarget "iConvertor" */;
			buildPhases = (
				A2F6BC082B2A647A00DD4FD4 /* Sources */,
				A2F6BC092B2A647A00DD4FD4 /* Frameworks */,
				A2F6BC0A2B2A647A00DD4FD4 /* Resources */,
			);
			buildRules = (
			);
			dependencies = (
			);
			name = iConvertor;
			productName = iConvertor;
			productReference = A2F6BC0C2B2A647A00DD4FD4 /* iConvertor.app */;
			productType = "com.apple.product-type.application";
		};
/* End PBXNativeTarget section */

/* Begin PBXProject section */
		A2F6BC042B2A647A00DD4FD4 /* Project object */ = {
			isa = PBXProject;
			attributes = {
				BuildIndependentTargetsInParallel = 1;
				LastSwiftUpdateCheck = 1500;
				LastUpgradeCheck = 1500;
				TargetAttributes = {
					A2F6BC0B2B2A647A00DD4FD4 = {
						CreatedOnToolsVersion = 15.0.1;
					};
				};
			};
			buildConfigurationList = A2F6BC072B2A647A00DD4FD4 /* Build configuration list for PBXProject "iConvertor" */;
			compatibilityVersion = "Xcode 14.0";
			developmentRegion = en;
			hasScannedForEncodings = 0;
			knownRegions = (
				en,
				Base,
			);
			mainGroup = A2F6BC032B2A647A00DD4FD4;
			productRefGroup = A2F6BC0D2B2A647A00DD4FD4 /* Products */;
			projectDirPath = "";
			projectRoot = "";
			targets = (
				A2F6BC0B2B2A647A00DD4FD4 /* iConvertor */,
			);
		};
/* End PBXProject section */

/* Begin PBXResourcesBuildPhase section */
		A2F6BC0A2B2A647A00DD4FD4 /* Resources */ = {
			isa = PBXResourcesBuildPhase;
			buildActionMask = 2147483647;
			files = (
				A2F6BC172B2A647C00DD4FD4 /* Preview Assets.xcassets in Resources */,
				A2F6BC142B2A647C00DD4FD4 /* Assets.xcassets in Resources */,
			);
			runOnlyForDeploymentPostprocessing = 0;
		};
/* End PBXResourcesBuildPhase section */

/* Begin PBXSourcesBuildPhase section */
		A2F6BC082B2A647A00DD4FD4 /* Sources */ = {
			isa = PBXSourcesBuildPhase;
			buildActionMask = 2147483647;
			files = (
				A24656B22B2A697C0091BA52 /* FileManager.swift in Sources */,
				A2EDC5132B2A744A00E57B5D /* VideoDetailView.swift in Sources */,
				A246569B2B2A66F80091BA52 /* VideoListView.swift in Sources */,
				A24656AC2B2A67E10091BA52 /* Component.swift in Sources */,
				A24656A82B2A67A00091BA52 /* TabBarView.swift in Sources */,
				A2EDC51F2B2A799E00E57B5D /* AudioRecordIntent.swift in Sources */,
				A2EDC5112B2A743A00E57B5D /* AudioDetailView.swift in Sources */,
				A2EDC5152B2A746500E57B5D /* PhotoDetailView.swift in Sources */,
				A24656B42B2A698C0091BA52 /* Validation.swift in Sources */,
				A246569D2B2A67040091BA52 /* PhotoListView.swift in Sources */,
				A24656A22B2A67470091BA52 /* APIManager.swift in Sources */,
				A24656992B2A66EA0091BA52 /* AudioListView.swift in Sources */,
				A2EDC5192B2A778000E57B5D /* VideoRecordView.swift in Sources */,
				A2DE61BB2B2FF08C009DFE09 /* PhotoViewIntent.swift in Sources */,
				A2DE61B92B2FBC36009DFE09 /* VideoManager.swift in Sources */,
				A24656A02B2A67380091BA52 /* NetworkManager.swift in Sources */,
				A2DE61B72B2FB1E8009DFE09 /* AudioManager.swift in Sources */,
				A24656A42B2A67560091BA52 /* CacheManager.swift in Sources */,
				A2EDC51B2B2A780900E57B5D /* PhotoCameraView.swift in Sources */,
				A24656AE2B2A69250091BA52 /* Constant.swift in Sources */,
				A2DE61BD2B306539009DFE09 /* VideoViewIntent.swift in Sources */,
				A2F6BC102B2A647A00DD4FD4 /* iConvertorApp.swift in Sources */,
			);
			runOnlyForDeploymentPostprocessing = 0;
		};
/* End PBXSourcesBuildPhase section */

/* Begin XCBuildConfiguration section */
		A2F6BC1D2B2A647C00DD4FD4 /* Debug */ = {
			isa = XCBuildConfiguration;
			buildSettings = {
				ALWAYS_SEARCH_USER_PATHS = NO;
				ASSETCATALOG_COMPILER_GENERATE_SWIFT_ASSET_SYMBOL_EXTENSIONS = YES;
				CLANG_ANALYZER_NONNULL = YES;
				CLANG_ANALYZER_NUMBER_OBJECT_CONVERSION = YES_AGGRESSIVE;
				CLANG_CXX_LANGUAGE_STANDARD = "gnu++20";
				CLANG_ENABLE_MODULES = YES;
				CLANG_ENABLE_OBJC_ARC = YES;
				CLANG_ENABLE_OBJC_WEAK = YES;
				CLANG_WARN_BLOCK_CAPTURE_AUTORELEASING = YES;
				CLANG_WARN_BOOL_CONVERSION = YES;
				CLANG_WARN_COMMA = YES;
				CLANG_WARN_CONSTANT_CONVERSION = YES;
				CLANG_WARN_DEPRECATED_OBJC_IMPLEMENTATIONS = YES;
				CLANG_WARN_DIRECT_OBJC_ISA_USAGE = YES_ERROR;
				CLANG_WARN_DOCUMENTATION_COMMENTS = YES;
				CLANG_WARN_EMPTY_BODY = YES;
				CLANG_WARN_ENUM_CONVERSION = YES;
				CLANG_WARN_INFINITE_RECURSION = YES;
				CLANG_WARN_INT_CONVERSION = YES;
				CLANG_WARN_NON_LITERAL_NULL_CONVERSION = YES;
				CLANG_WARN_OBJC_IMPLICIT_RETAIN_SELF = YES;
				CLANG_WARN_OBJC_LITERAL_CONVERSION = YES;
				CLANG_WARN_OBJC_ROOT_CLASS = YES_ERROR;
				CLANG_WARN_QUOTED_INCLUDE_IN_FRAMEWORK_HEADER = YES;
				CLANG_WARN_RANGE_LOOP_ANALYSIS = YES;
				CLANG_WARN_STRICT_PROTOTYPES = YES;
				CLANG_WARN_SUSPICIOUS_MOVE = YES;
				CLANG_WARN_UNGUARDED_AVAILABILITY = YES_AGGRESSIVE;
				CLANG_WARN_UNREACHABLE_CODE = YES;
				CLANG_WARN__DUPLICATE_METHOD_MATCH = YES;
				COPY_PHASE_STRIP = NO;
				DEBUG_INFORMATION_FORMAT = dwarf;
				ENABLE_STRICT_OBJC_MSGSEND = YES;
				ENABLE_TESTABILITY = YES;
				ENABLE_USER_SCRIPT_SANDBOXING = YES;
				GCC_C_LANGUAGE_STANDARD = gnu17;
				GCC_DYNAMIC_NO_PIC = NO;
				GCC_NO_COMMON_BLOCKS = YES;
				GCC_OPTIMIZATION_LEVEL = 0;
				GCC_PREPROCESSOR_DEFINITIONS = (
					"DEBUG=1",
					"$(inherited)",
				);
				GCC_WARN_64_TO_32_BIT_CONVERSION = YES;
				GCC_WARN_ABOUT_RETURN_TYPE = YES_ERROR;
				GCC_WARN_UNDECLARED_SELECTOR = YES;
				GCC_WARN_UNINITIALIZED_AUTOS = YES_AGGRESSIVE;
				GCC_WARN_UNUSED_FUNCTION = YES;
				GCC_WARN_UNUSED_VARIABLE = YES;
				IPHONEOS_DEPLOYMENT_TARGET = 17.0;
				LOCALIZATION_PREFERS_STRING_CATALOGS = YES;
				MTL_ENABLE_DEBUG_INFO = INCLUDE_SOURCE;
				MTL_FAST_MATH = YES;
				ONLY_ACTIVE_ARCH = YES;
				SDKROOT = iphoneos;
				SWIFT_ACTIVE_COMPILATION_CONDITIONS = "DEBUG $(inherited)";
				SWIFT_OPTIMIZATION_LEVEL = "-Onone";
			};
			name = Debug;
		};
		A2F6BC1E2B2A647C00DD4FD4 /* Release */ = {
			isa = XCBuildConfiguration;
			buildSettings = {
				ALWAYS_SEARCH_USER_PATHS = NO;
				ASSETCATALOG_COMPILER_GENERATE_SWIFT_ASSET_SYMBOL_EXTENSIONS = YES;
				CLANG_ANALYZER_NONNULL = YES;
				CLANG_ANALYZER_NUMBER_OBJECT_CONVERSION = YES_AGGRESSIVE;
				CLANG_CXX_LANGUAGE_STANDARD = "gnu++20";
				CLANG_ENABLE_MODULES = YES;
				CLANG_ENABLE_OBJC_ARC = YES;
				CLANG_ENABLE_OBJC_WEAK = YES;
				CLANG_WARN_BLOCK_CAPTURE_AUTORELEASING = YES;
				CLANG_WARN_BOOL_CONVERSION = YES;
				CLANG_WARN_COMMA = YES;
				CLANG_WARN_CONSTANT_CONVERSION = YES;
				CLANG_WARN_DEPRECATED_OBJC_IMPLEMENTATIONS = YES;
				CLANG_WARN_DIRECT_OBJC_ISA_USAGE = YES_ERROR;
				CLANG_WARN_DOCUMENTATION_COMMENTS = YES;
				CLANG_WARN_EMPTY_BODY = YES;
				CLANG_WARN_ENUM_CONVERSION = YES;
				CLANG_WARN_INFINITE_RECURSION = YES;
				CLANG_WARN_INT_CONVERSION = YES;
				CLANG_WARN_NON_LITERAL_NULL_CONVERSION = YES;
				CLANG_WARN_OBJC_IMPLICIT_RETAIN_SELF = YES;
				CLANG_WARN_OBJC_LITERAL_CONVERSION = YES;
				CLANG_WARN_OBJC_ROOT_CLASS = YES_ERROR;
				CLANG_WARN_QUOTED_INCLUDE_IN_FRAMEWORK_HEADER = YES;
				CLANG_WARN_RANGE_LOOP_ANALYSIS = YES;
				CLANG_WARN_STRICT_PROTOTYPES = YES;
				CLANG_WARN_SUSPICIOUS_MOVE = YES;
				CLANG_WARN_UNGUARDED_AVAILABILITY = YES_AGGRESSIVE;
				CLANG_WARN_UNREACHABLE_CODE = YES;
				CLANG_WARN__DUPLICATE_METHOD_MATCH = YES;
				COPY_PHASE_STRIP = NO;
				DEBUG_INFORMATION_FORMAT = "dwarf-with-dsym";
				ENABLE_NS_ASSERTIONS = NO;
				ENABLE_STRICT_OBJC_MSGSEND = YES;
				ENABLE_USER_SCRIPT_SANDBOXING = YES;
				GCC_C_LANGUAGE_STANDARD = gnu17;
				GCC_NO_COMMON_BLOCKS = YES;
				GCC_WARN_64_TO_32_BIT_CONVERSION = YES;
				GCC_WARN_ABOUT_RETURN_TYPE = YES_ERROR;
				GCC_WARN_UNDECLARED_SELECTOR = YES;
				GCC_WARN_UNINITIALIZED_AUTOS = YES_AGGRESSIVE;
				GCC_WARN_UNUSED_FUNCTION = YES;
				GCC_WARN_UNUSED_VARIABLE = YES;
				IPHONEOS_DEPLOYMENT_TARGET = 17.0;
				LOCALIZATION_PREFERS_STRING_CATALOGS = YES;
				MTL_ENABLE_DEBUG_INFO = NO;
				MTL_FAST_MATH = YES;
				SDKROOT = iphoneos;
				SWIFT_COMPILATION_MODE = wholemodule;
				VALIDATE_PRODUCT = YES;
			};
			name = Release;
		};
		A2F6BC202B2A647C00DD4FD4 /* Debug */ = {
			isa = XCBuildConfiguration;
			buildSettings = {
				ASSETCATALOG_COMPILER_APPICON_NAME = AppIcon;
				ASSETCATALOG_COMPILER_GLOBAL_ACCENT_COLOR_NAME = AccentColor;
				CODE_SIGN_STYLE = Automatic;
				CURRENT_PROJECT_VERSION = 1;
				DEVELOPMENT_ASSET_PATHS = "\"iConvertor/Preview Content\"";
				DEVELOPMENT_TEAM = AJ6UG629X6;
				ENABLE_PREVIEWS = YES;
				GENERATE_INFOPLIST_FILE = YES;
				INFOPLIST_FILE = iConvertor/Info.plist;
				INFOPLIST_KEY_NSCameraUsageDescription = "Camera persmission is needed to save Photo(s)";
				INFOPLIST_KEY_NSMicrophoneUsageDescription = "Microphone persmission is needed to record Audio(s)";
				INFOPLIST_KEY_NSPhotoLibraryUsageDescription = "Photo Library persmission is needed to save Videos(s)";
				INFOPLIST_KEY_UIApplicationSceneManifest_Generation = YES;
				INFOPLIST_KEY_UIApplicationSupportsIndirectInputEvents = YES;
				INFOPLIST_KEY_UISupportedInterfaceOrientations_iPad = "UIInterfaceOrientationPortrait UIInterfaceOrientationPortraitUpsideDown UIInterfaceOrientationLandscapeLeft UIInterfaceOrientationLandscapeRight";
				INFOPLIST_KEY_UISupportedInterfaceOrientations_iPhone = "UIInterfaceOrientationPortrait UIInterfaceOrientationLandscapeLeft UIInterfaceOrientationLandscapeRight";
				LD_RUNPATH_SEARCH_PATHS = (
					"$(inherited)",
					"@executable_path/Frameworks",
				);
				MARKETING_VERSION = 1.0;
				PRODUCT_BUNDLE_IDENTIFIER = com.singhinamerica.iConvertor;
				PRODUCT_NAME = "$(TARGET_NAME)";
				SWIFT_EMIT_LOC_STRINGS = YES;
				SWIFT_VERSION = 5.0;
				TARGETED_DEVICE_FAMILY = "1,2";
			};
			name = Debug;
		};
		A2F6BC212B2A647C00DD4FD4 /* Release */ = {
			isa = XCBuildConfiguration;
			buildSettings = {
				ASSETCATALOG_COMPILER_APPICON_NAME = AppIcon;
				ASSETCATALOG_COMPILER_GLOBAL_ACCENT_COLOR_NAME = AccentColor;
				CODE_SIGN_STYLE = Automatic;
				CURRENT_PROJECT_VERSION = 1;
				DEVELOPMENT_ASSET_PATHS = "\"iConvertor/Preview Content\"";
				DEVELOPMENT_TEAM = AJ6UG629X6;
				ENABLE_PREVIEWS = YES;
				GENERATE_INFOPLIST_FILE = YES;
				INFOPLIST_FILE = iConvertor/Info.plist;
				INFOPLIST_KEY_NSCameraUsageDescription = "Camera persmission is needed to save Photo(s)";
				INFOPLIST_KEY_NSMicrophoneUsageDescription = "Microphone persmission is needed to record Audio(s)";
				INFOPLIST_KEY_NSPhotoLibraryUsageDescription = "Photo Library persmission is needed to save Videos(s)";
				INFOPLIST_KEY_UIApplicationSceneManifest_Generation = YES;
				INFOPLIST_KEY_UIApplicationSupportsIndirectInputEvents = YES;
				INFOPLIST_KEY_UISupportedInterfaceOrientations_iPad = "UIInterfaceOrientationPortrait UIInterfaceOrientationPortraitUpsideDown UIInterfaceOrientationLandscapeLeft UIInterfaceOrientationLandscapeRight";
				INFOPLIST_KEY_UISupportedInterfaceOrientations_iPhone = "UIInterfaceOrientationPortrait UIInterfaceOrientationLandscapeLeft UIInterfaceOrientationLandscapeRight";
				LD_RUNPATH_SEARCH_PATHS = (
					"$(inherited)",
					"@executable_path/Frameworks",
				);
				MARKETING_VERSION = 1.0;
				PRODUCT_BUNDLE_IDENTIFIER = com.singhinamerica.iConvertor;
				PRODUCT_NAME = "$(TARGET_NAME)";
				SWIFT_EMIT_LOC_STRINGS = YES;
				SWIFT_VERSION = 5.0;
				TARGETED_DEVICE_FAMILY = "1,2";
			};
			name = Release;
		};
/* End XCBuildConfiguration section */

/* Begin XCConfigurationList section */
		A2F6BC072B2A647A00DD4FD4 /* Build configuration list for PBXProject "iConvertor" */ = {
			isa = XCConfigurationList;
			buildConfigurations = (
				A2F6BC1D2B2A647C00DD4FD4 /* Debug */,
				A2F6BC1E2B2A647C00DD4FD4 /* Release */,
			);
			defaultConfigurationIsVisible = 0;
			defaultConfigurationName = Release;
		};
		A2F6BC1F2B2A647C00DD4FD4 /* Build configuration list for PBXNativeTarget "iConvertor" */ = {
			isa = XCConfigurationList;
			buildConfigurations = (
				A2F6BC202B2A647C00DD4FD4 /* Debug */,
				A2F6BC212B2A647C00DD4FD4 /* Release */,
			);
			defaultConfigurationIsVisible = 0;
			defaultConfigurationName = Release;
		};
/* End XCConfigurationList section */
	};
	rootObject = A2F6BC042B2A647A00DD4FD4 /* Project object */;
}
